Microsoft Visual Studio Solution File, Format Version 12.00
# Visual Studio 2012
Project("{FAE04EC0-301F-11D3-BF4B-00C04F79EFBC}") = "Dodge the Creeps!", "Dodge the Creeps!.csproj", "{F482CE9D-CE79-4ED7-9FCD-D11E549DEE1C}"
EndProject
Global
	GlobalSection(SolutionConfigurationPlatforms) = preSolution
	Debug|Any CPU = Debug|Any CPU
	Release|Any CPU = Release|Any CPU
	Tools|Any CPU = Tools|Any CPU
	EndGlobalSection
	GlobalSection(ProjectConfigurationPlatforms) = postSolution
		{F482CE9D-CE79-4ED7-9FCD-D11E549DEE1C}.Debug|Any CPU.ActiveCfg = Debug|Any CPU
		{F482CE9D-CE79-4ED7-9FCD-D11E549DEE1C}.Debug|Any CPU.Build.0 = Debug|Any CPU
		{F482CE9D-CE79-4ED7-9FCD-D11E549DEE1C}.Release|Any CPU.ActiveCfg = Release|Any CPU
		{F482CE9D-CE79-4ED7-9FCD-D11E549DEE1C}.Release|Any CPU.Build.0 = Release|Any CPU
		{F482CE9D-CE79-4ED7-9FCD-D11E549DEE1C}.Tools|Any CPU.ActiveCfg = Tools|Any CPU
		{F482CE9D-CE79-4ED7-9FCD-D11E549DEE1C}.Tools|Any CPU.Build.0 = Tools|Any CPU
	EndGlobalSection
EndGlobal
